
Microsoft Visual Studio Solution File, Format Version 12.00
# Visual Studio 14
VisualStudioVersion = 14.0.25420.1
MinimumVisualStudioVersion = 10.0.40219.1
Project("{2150E333-8FDC-42A3-9474-1A3956D46DE8}") = "src", "src", "{E8751802-CCE4-4C40-9241-E5E01DBEF627}"
EndProject
Project("{2150E333-8FDC-42A3-9474-1A3956D46DE8}") = "Solution Items", "Solution Items", "{F8E4FD3C-F93D-40B6-9330-9415FB35B3E2}"
	ProjectSection(SolutionItems) = preProject
		global.json = global.json
	EndProjectSection
EndProject
Project("{8BB2217D-0F2D-49D1-97BC-3654ED321F3B}") = "OpenMessage", "src\OpenMessage\OpenMessage.xproj", "{7D68A283-6D90-4A50-B015-D8C2BB5C7184}"
EndProject
Project("{2150E333-8FDC-42A3-9474-1A3956D46DE8}") = "tests", "tests", "{B4E58D4F-40CD-45CA-AC6F-1DF4D9CB9A49}"
EndProject
Project("{8BB2217D-0F2D-49D1-97BC-3654ED321F3B}") = "OpenMessage.Tests", "tests\OpenMessage.Tests\OpenMessage.Tests.xproj", "{D5C758B5-055C-41F0-A339-C8E4141076EB}"
EndProject
Project("{8BB2217D-0F2D-49D1-97BC-3654ED321F3B}") = "OpenMessage.Serializer.JsonNet", "src\OpenMessage.Serializer.JsonNet\OpenMessage.Serializer.JsonNet.xproj", "{3AB720E9-27B4-4A28-9C1F-B89EA1A4257F}"
EndProject
Global
	GlobalSection(SolutionConfigurationPlatforms) = preSolution
		Debug|Any CPU = Debug|Any CPU
		Release|Any CPU = Release|Any CPU
	EndGlobalSection
	GlobalSection(ProjectConfigurationPlatforms) = postSolution
		{7D68A283-6D90-4A50-B015-D8C2BB5C7184}.Debug|Any CPU.ActiveCfg = Debug|Any CPU
		{7D68A283-6D90-4A50-B015-D8C2BB5C7184}.Debug|Any CPU.Build.0 = Debug|Any CPU
		{7D68A283-6D90-4A50-B015-D8C2BB5C7184}.Release|Any CPU.ActiveCfg = Release|Any CPU
		{7D68A283-6D90-4A50-B015-D8C2BB5C7184}.Release|Any CPU.Build.0 = Release|Any CPU
		{D5C758B5-055C-41F0-A339-C8E4141076EB}.Debug|Any CPU.ActiveCfg = Debug|Any CPU
		{D5C758B5-055C-41F0-A339-C8E4141076EB}.Debug|Any CPU.Build.0 = Debug|Any CPU
		{D5C758B5-055C-41F0-A339-C8E4141076EB}.Release|Any CPU.ActiveCfg = Release|Any CPU
		{D5C758B5-055C-41F0-A339-C8E4141076EB}.Release|Any CPU.Build.0 = Release|Any CPU
		{3AB720E9-27B4-4A28-9C1F-B89EA1A4257F}.Debug|Any CPU.ActiveCfg = Debug|Any CPU
		{3AB720E9-27B4-4A28-9C1F-B89EA1A4257F}.Debug|Any CPU.Build.0 = Debug|Any CPU
		{3AB720E9-27B4-4A28-9C1F-B89EA1A4257F}.Release|Any CPU.ActiveCfg = Release|Any CPU
		{3AB720E9-27B4-4A28-9C1F-B89EA1A4257F}.Release|Any CPU.Build.0 = Release|Any CPU
	EndGlobalSection
	GlobalSection(SolutionProperties) = preSolution
		HideSolutionNode = FALSE
	EndGlobalSection
	GlobalSection(NestedProjects) = preSolution
		{7D68A283-6D90-4A50-B015-D8C2BB5C7184} = {E8751802-CCE4-4C40-9241-E5E01DBEF627}
		{D5C758B5-055C-41F0-A339-C8E4141076EB} = {B4E58D4F-40CD-45CA-AC6F-1DF4D9CB9A49}
		{3AB720E9-27B4-4A28-9C1F-B89EA1A4257F} = {E8751802-CCE4-4C40-9241-E5E01DBEF627}
	EndGlobalSection
EndGlobal
