
Microsoft Visual Studio Solution File, Format Version 12.00
# Visual Studio 15
VisualStudioVersion = 15.0.26228.9
MinimumVisualStudioVersion = 10.0.40219.1
Project("{2150E333-8FDC-42A3-9474-1A3956D46DE8}") = "src", "src", "{E8751802-CCE4-4C40-9241-E5E01DBEF627}"
EndProject
Project("{2150E333-8FDC-42A3-9474-1A3956D46DE8}") = "Solution Items", "Solution Items", "{F8E4FD3C-F93D-40B6-9330-9415FB35B3E2}"
	ProjectSection(SolutionItems) = preProject
		.gitattributes = .gitattributes
		.gitignore = .gitignore
		build.ps1 = build.ps1
		global.json = global.json
		readme.md = readme.md
	EndProjectSection
EndProject
Project("{2150E333-8FDC-42A3-9474-1A3956D46DE8}") = "tests", "tests", "{B4E58D4F-40CD-45CA-AC6F-1DF4D9CB9A49}"
EndProject
Project("{9A19103F-16F7-4668-BE54-9A1E7A4F7556}") = "OpenMessage", "src\OpenMessage\OpenMessage.csproj", "{7D68A283-6D90-4A50-B015-D8C2BB5C7184}"
EndProject
Project("{9A19103F-16F7-4668-BE54-9A1E7A4F7556}") = "OpenMessage.Tests", "tests\OpenMessage.Tests\OpenMessage.Tests.csproj", "{D5C758B5-055C-41F0-A339-C8E4141076EB}"
EndProject
Project("{9A19103F-16F7-4668-BE54-9A1E7A4F7556}") = "OpenMessage.Serializer.JsonNet", "src\OpenMessage.Serializer.JsonNet\OpenMessage.Serializer.JsonNet.csproj", "{3AB720E9-27B4-4A28-9C1F-B89EA1A4257F}"
EndProject
Project("{9A19103F-16F7-4668-BE54-9A1E7A4F7556}") = "OpenMessage.Serializer.Jil", "src\OpenMessage.Serializer.Jil\OpenMessage.Serializer.Jil.csproj", "{E70C427C-7285-48AC-A13B-D18519463786}"
EndProject
Project("{9A19103F-16F7-4668-BE54-9A1E7A4F7556}") = "OpenMessage.Serializer.ProtobufNet", "src\OpenMessage.Serializer.ProtobufNet\OpenMessage.Serializer.ProtobufNet.csproj", "{987E4E03-FF13-496A-9B72-BC2ADF3A35D2}"
EndProject
Project("{9A19103F-16F7-4668-BE54-9A1E7A4F7556}") = "OpenMessage.Providers.Azure", "src\OpenMessage.Providers.Azure\OpenMessage.Providers.Azure.csproj", "{66F710F3-460A-450B-8B07-9CD1476E5CF3}"
EndProject
Project("{9A19103F-16F7-4668-BE54-9A1E7A4F7556}") = "OpenMessage.Providers.Azure.Tests", "tests\OpenMessage.Providers.Azure.Tests\OpenMessage.Providers.Azure.Tests.csproj", "{48B14E17-6FE3-4B0D-BACC-966D4273C07B}"
EndProject
Project("{FAE04EC0-301F-11D3-BF4B-00C04F79EFBC}") = "OpenMessage.Providers.Memory", "src\OpenMessage.Providers.Memory\OpenMessage.Providers.Memory.csproj", "{38FA0770-05C2-44FA-BC14-8610E6247FC1}"
EndProject
Project("{FAE04EC0-301F-11D3-BF4B-00C04F79EFBC}") = "OpenMessage.Providers.Memory.Tests", "tests\OpenMessage.Providers.Memory.Tests\OpenMessage.Providers.Memory.Tests.csproj", "{AC88443B-E445-4751-B160-62C74A54F3EF}"
EndProject
Project("{2150E333-8FDC-42A3-9474-1A3956D46DE8}") = "samples", "samples", "{B4CC2690-ADC2-4B78-A961-06C0D6CD948F}"
EndProject
Project("{FAE04EC0-301F-11D3-BF4B-00C04F79EFBC}") = "OpenMessage.Samples.BasicMemory", "samples\OpenMessage.Samples.BasicMemory\OpenMessage.Samples.BasicMemory.csproj", "{0419A1DA-431A-4406-82EB-7D634F9F0B86}"
EndProject
Global
	GlobalSection(SolutionConfigurationPlatforms) = preSolution
		Debug|Any CPU = Debug|Any CPU
		Release|Any CPU = Release|Any CPU
	EndGlobalSection
	GlobalSection(ProjectConfigurationPlatforms) = postSolution
		{7D68A283-6D90-4A50-B015-D8C2BB5C7184}.Debug|Any CPU.ActiveCfg = Debug|Any CPU
		{7D68A283-6D90-4A50-B015-D8C2BB5C7184}.Debug|Any CPU.Build.0 = Debug|Any CPU
		{7D68A283-6D90-4A50-B015-D8C2BB5C7184}.Release|Any CPU.ActiveCfg = Release|Any CPU
		{7D68A283-6D90-4A50-B015-D8C2BB5C7184}.Release|Any CPU.Build.0 = Release|Any CPU
		{D5C758B5-055C-41F0-A339-C8E4141076EB}.Debug|Any CPU.ActiveCfg = Debug|Any CPU
		{D5C758B5-055C-41F0-A339-C8E4141076EB}.Debug|Any CPU.Build.0 = Debug|Any CPU
		{D5C758B5-055C-41F0-A339-C8E4141076EB}.Release|Any CPU.ActiveCfg = Release|Any CPU
		{D5C758B5-055C-41F0-A339-C8E4141076EB}.Release|Any CPU.Build.0 = Release|Any CPU
		{3AB720E9-27B4-4A28-9C1F-B89EA1A4257F}.Debug|Any CPU.ActiveCfg = Debug|Any CPU
		{3AB720E9-27B4-4A28-9C1F-B89EA1A4257F}.Debug|Any CPU.Build.0 = Debug|Any CPU
		{3AB720E9-27B4-4A28-9C1F-B89EA1A4257F}.Release|Any CPU.ActiveCfg = Release|Any CPU
		{3AB720E9-27B4-4A28-9C1F-B89EA1A4257F}.Release|Any CPU.Build.0 = Release|Any CPU
		{E70C427C-7285-48AC-A13B-D18519463786}.Debug|Any CPU.ActiveCfg = Debug|Any CPU
		{E70C427C-7285-48AC-A13B-D18519463786}.Debug|Any CPU.Build.0 = Debug|Any CPU
		{E70C427C-7285-48AC-A13B-D18519463786}.Release|Any CPU.ActiveCfg = Release|Any CPU
		{E70C427C-7285-48AC-A13B-D18519463786}.Release|Any CPU.Build.0 = Release|Any CPU
		{987E4E03-FF13-496A-9B72-BC2ADF3A35D2}.Debug|Any CPU.ActiveCfg = Debug|Any CPU
		{987E4E03-FF13-496A-9B72-BC2ADF3A35D2}.Debug|Any CPU.Build.0 = Debug|Any CPU
		{987E4E03-FF13-496A-9B72-BC2ADF3A35D2}.Release|Any CPU.ActiveCfg = Release|Any CPU
		{987E4E03-FF13-496A-9B72-BC2ADF3A35D2}.Release|Any CPU.Build.0 = Release|Any CPU
		{66F710F3-460A-450B-8B07-9CD1476E5CF3}.Debug|Any CPU.ActiveCfg = Debug|Any CPU
		{66F710F3-460A-450B-8B07-9CD1476E5CF3}.Debug|Any CPU.Build.0 = Debug|Any CPU
		{66F710F3-460A-450B-8B07-9CD1476E5CF3}.Release|Any CPU.ActiveCfg = Release|Any CPU
		{66F710F3-460A-450B-8B07-9CD1476E5CF3}.Release|Any CPU.Build.0 = Release|Any CPU
		{48B14E17-6FE3-4B0D-BACC-966D4273C07B}.Debug|Any CPU.ActiveCfg = Debug|Any CPU
		{48B14E17-6FE3-4B0D-BACC-966D4273C07B}.Debug|Any CPU.Build.0 = Debug|Any CPU
		{48B14E17-6FE3-4B0D-BACC-966D4273C07B}.Release|Any CPU.ActiveCfg = Release|Any CPU
		{48B14E17-6FE3-4B0D-BACC-966D4273C07B}.Release|Any CPU.Build.0 = Release|Any CPU
		{38FA0770-05C2-44FA-BC14-8610E6247FC1}.Debug|Any CPU.ActiveCfg = Debug|Any CPU
		{38FA0770-05C2-44FA-BC14-8610E6247FC1}.Debug|Any CPU.Build.0 = Debug|Any CPU
		{38FA0770-05C2-44FA-BC14-8610E6247FC1}.Release|Any CPU.ActiveCfg = Release|Any CPU
		{38FA0770-05C2-44FA-BC14-8610E6247FC1}.Release|Any CPU.Build.0 = Release|Any CPU
		{AC88443B-E445-4751-B160-62C74A54F3EF}.Debug|Any CPU.ActiveCfg = Debug|Any CPU
		{AC88443B-E445-4751-B160-62C74A54F3EF}.Debug|Any CPU.Build.0 = Debug|Any CPU
		{AC88443B-E445-4751-B160-62C74A54F3EF}.Release|Any CPU.ActiveCfg = Release|Any CPU
		{AC88443B-E445-4751-B160-62C74A54F3EF}.Release|Any CPU.Build.0 = Release|Any CPU
		{0419A1DA-431A-4406-82EB-7D634F9F0B86}.Debug|Any CPU.ActiveCfg = Debug|Any CPU
		{0419A1DA-431A-4406-82EB-7D634F9F0B86}.Debug|Any CPU.Build.0 = Debug|Any CPU
		{0419A1DA-431A-4406-82EB-7D634F9F0B86}.Release|Any CPU.ActiveCfg = Release|Any CPU
		{0419A1DA-431A-4406-82EB-7D634F9F0B86}.Release|Any CPU.Build.0 = Release|Any CPU
	EndGlobalSection
	GlobalSection(SolutionProperties) = preSolution
		HideSolutionNode = FALSE
	EndGlobalSection
	GlobalSection(NestedProjects) = preSolution
		{7D68A283-6D90-4A50-B015-D8C2BB5C7184} = {E8751802-CCE4-4C40-9241-E5E01DBEF627}
		{D5C758B5-055C-41F0-A339-C8E4141076EB} = {B4E58D4F-40CD-45CA-AC6F-1DF4D9CB9A49}
		{3AB720E9-27B4-4A28-9C1F-B89EA1A4257F} = {E8751802-CCE4-4C40-9241-E5E01DBEF627}
		{E70C427C-7285-48AC-A13B-D18519463786} = {E8751802-CCE4-4C40-9241-E5E01DBEF627}
		{987E4E03-FF13-496A-9B72-BC2ADF3A35D2} = {E8751802-CCE4-4C40-9241-E5E01DBEF627}
		{66F710F3-460A-450B-8B07-9CD1476E5CF3} = {E8751802-CCE4-4C40-9241-E5E01DBEF627}
		{48B14E17-6FE3-4B0D-BACC-966D4273C07B} = {B4E58D4F-40CD-45CA-AC6F-1DF4D9CB9A49}
		{38FA0770-05C2-44FA-BC14-8610E6247FC1} = {E8751802-CCE4-4C40-9241-E5E01DBEF627}
		{AC88443B-E445-4751-B160-62C74A54F3EF} = {B4E58D4F-40CD-45CA-AC6F-1DF4D9CB9A49}
		{0419A1DA-431A-4406-82EB-7D634F9F0B86} = {B4CC2690-ADC2-4B78-A961-06C0D6CD948F}
	EndGlobalSection
EndGlobal
